
Microsoft Visual Studio Solution File, Format Version 12.00
# Visual Studio Version 17
VisualStudioVersion = 17.14.37301.10 d17.14
MinimumVisualStudioVersion = 10.0.40219.1
Project("{FAE04EC0-301F-11D3-BF4B-00C04F79EFBC}") = "hastane_yonetim_sistemi", "hastane_yonetim_sistemi\hastane_yonetim_sistemi.csproj", "{4A8CA09A-8F34-4D29-A532-2320A1A383F9}"
EndProject
Global
	GlobalSection(SolutionConfigurationPlatforms) = preSolution
		Debug|Any CPU = Debug|Any CPU
		Release|Any CPU = Release|Any CPU
	EndGlobalSection
	GlobalSection(ProjectConfigurationPlatforms) = postSolution
		{4A8CA09A-8F34-4D29-A532-2320A1A383F9}.Debug|Any CPU.ActiveCfg = Debug|Any CPU
		{4A8CA09A-8F34-4D29-A532-2320A1A383F9}.Debug|Any CPU.Build.0 = Debug|Any CPU
		{4A8CA09A-8F34-4D29-A532-2320A1A383F9}.Release|Any CPU.ActiveCfg = Release|Any CPU
		{4A8CA09A-8F34-4D29-A532-2320A1A383F9}.Release|Any CPU.Build.0 = Release|Any CPU
	EndGlobalSection
	GlobalSection(SolutionProperties) = preSolution
		HideSolutionNode = FALSE
	EndGlobalSection
	GlobalSection(ExtensibilityGlobals) = postSolution
		SolutionGuid = {020ED085-7ECD-4C4D-9C97-1EF8B04331D2}
	EndGlobalSection
EndGlobal
